// !$*UTF8*$!
{
	archiveVersion = 1;
	classes = {
	};
	objectVersion = 46;
	objects = {

/* Begin PBXBuildFile section */
		61537C821C78E418005208C3 /* AppDelegate.swift in Sources */ = {isa = PBXBuildFile; fileRef = 61537C811C78E418005208C3 /* AppDelegate.swift */; };
		61537C841C78E418005208C3 /* ViewController.swift in Sources */ = {isa = PBXBuildFile; fileRef = 61537C831C78E418005208C3 /* ViewController.swift */; };
		61537C871C78E418005208C3 /* Main.storyboard in Resources */ = {isa = PBXBuildFile; fileRef = 61537C851C78E418005208C3 /* Main.storyboard */; };
		61537C891C78E418005208C3 /* Assets.xcassets in Resources */ = {isa = PBXBuildFile; fileRef = 61537C881C78E418005208C3 /* Assets.xcassets */; };
		61537C8C1C78E418005208C3 /* LaunchScreen.storyboard in Resources */ = {isa = PBXBuildFile; fileRef = 61537C8A1C78E418005208C3 /* LaunchScreen.storyboard */; };
		61537C971C78E418005208C3 /* TotoesGotesTests.swift in Sources */ = {isa = PBXBuildFile; fileRef = 61537C961C78E418005208C3 /* TotoesGotesTests.swift */; };
		61537CA21C78E418005208C3 /* TotoesGotesUITests.swift in Sources */ = {isa = PBXBuildFile; fileRef = 61537CA11C78E418005208C3 /* TotoesGotesUITests.swift */; };
/* End PBXBuildFile section */

/* Begin PBXContainerItemProxy section */
		61537C931C78E418005208C3 /* PBXContainerItemProxy */ = {
			isa = PBXContainerItemProxy;
			containerPortal = 61537C761C78E418005208C3 /* Project object */;
			proxyType = 1;
			remoteGlobalIDString = 61537C7D1C78E418005208C3;
			remoteInfo = TotoesGotes;
		};
		61537C9E1C78E418005208C3 /* PBXContainerItemProxy */ = {
			isa = PBXContainerItemProxy;
			containerPortal = 61537C761C78E418005208C3 /* Project object */;
			proxyType = 1;
			remoteGlobalIDString = 61537C7D1C78E418005208C3;
			remoteInfo = TotoesGotes;
		};
/* End PBXContainerItemProxy section */

/* Begin PBXFileReference section */
		61537C7E1C78E418005208C3 /* TotoesGotes.app */ = {isa = PBXFileReference; explicitFileType = wrapper.application; includeInIndex = 0; path = TotoesGotes.app; sourceTree = BUILT_PRODUCTS_DIR; };
		61537C811C78E418005208C3 /* AppDelegate.swift */ = {isa = PBXFileReference; lastKnownFileType = sourcecode.swift; path = AppDelegate.swift; sourceTree = "<group>"; };
		61537C831C78E418005208C3 /* ViewController.swift */ = {isa = PBXFileReference; lastKnownFileType = sourcecode.swift; path = ViewController.swift; sourceTree = "<group>"; };
		61537C861C78E418005208C3 /* Base */ = {isa = PBXFileReference; lastKnownFileType = file.storyboard; name = Base; path = Base.lproj/Main.storyboard; sourceTree = "<group>"; };
		61537C881C78E418005208C3 /* Assets.xcassets */ = {isa = PBXFileReference; lastKnownFileType = folder.assetcatalog; path = Assets.xcassets; sourceTree = "<group>"; };
		61537C8B1C78E418005208C3 /* Base */ = {isa = PBXFileReference; lastKnownFileType = file.storyboard; name = Base; path = Base.lproj/LaunchScreen.storyboard; sourceTree = "<group>"; };
		61537C8D1C78E418005208C3 /* Info.plist */ = {isa = PBXFileReference; lastKnownFileType = text.plist.xml; path = Info.plist; sourceTree = "<group>"; };
		61537C921C78E418005208C3 /* TotoesGotesTests.xctest */ = {isa = PBXFileReference; explicitFileType = wrapper.cfbundle; includeInIndex = 0; path = TotoesGotesTests.xctest; sourceTree = BUILT_PRODUCTS_DIR; };
		61537C961C78E418005208C3 /* TotoesGotesTests.swift */ = {isa = PBXFileReference; lastKnownFileType = sourcecode.swift; path = TotoesGotesTests.swift; sourceTree = "<group>"; };
		61537C981C78E418005208C3 /* Info.plist */ = {isa = PBXFileReference; lastKnownFileType = text.plist.xml; path = Info.plist; sourceTree = "<group>"; };
		61537C9D1C78E418005208C3 /* TotoesGotesUITests.xctest */ = {isa = PBXFileReference; explicitFileType = wrapper.cfbundle; includeInIndex = 0; path = TotoesGotesUITests.xctest; sourceTree = BUILT_PRODUCTS_DIR; };
		61537CA11C78E418005208C3 /* TotoesGotesUITests.swift */ = {isa = PBXFileReference; lastKnownFileType = sourcecode.swift; path = TotoesGotesUITests.swift; sourceTree = "<group>"; };
		61537CA31C78E418005208C3 /* Info.plist */ = {isa = PBXFileReference; lastKnownFileType = text.plist.xml; path = Info.plist; sourceTree = "<group>"; };
/* End PBXFileReference section */

/* Begin PBXFrameworksBuildPhase section */
		61537C7B1C78E418005208C3 /* Frameworks */ = {
			isa = PBXFrameworksBuildPhase;
			buildActionMask = 2147483647;
			files = (
			);
			runOnlyForDeploymentPostprocessing = 0;
		};
		61537C8F1C78E418005208C3 /* Frameworks */ = {
			isa = PBXFrameworksBuildPhase;
			buildActionMask = 2147483647;
			files = (
			);
			runOnlyForDeploymentPostprocessing = 0;
		};
		61537C9A1C78E418005208C3 /* Frameworks */ = {
			isa = PBXFrameworksBuildPhase;
			buildActionMask = 2147483647;
			files = (
			);
			runOnlyForDeploymentPostprocessing = 0;
		};
/* End PBXFrameworksBuildPhase section */

/* Begin PBXGroup section */
		61537C751C78E418005208C3 = {
			isa = PBXGroup;
			children = (
				61537C801C78E418005208C3 /* TotoesGotes */,
				61537C951C78E418005208C3 /* TotoesGotesTests */,
				61537CA01C78E418005208C3 /* TotoesGotesUITests */,
				61537C7F1C78E418005208C3 /* Products */,
			);
			sourceTree = "<group>";
		};
		61537C7F1C78E418005208C3 /* Products */ = {
			isa = PBXGroup;
			children = (
				61537C7E1C78E418005208C3 /* TotoesGotes.app */,
				61537C921C78E418005208C3 /* TotoesGotesTests.xctest */,
				61537C9D1C78E418005208C3 /* TotoesGotesUITests.xctest */,
			);
			name = Products;
			sourceTree = "<group>";
		};
		61537C801C78E418005208C3 /* TotoesGotes */ = {
			isa = PBXGroup;
			children = (
				61537C811C78E418005208C3 /* AppDelegate.swift */,
				61537C831C78E418005208C3 /* ViewController.swift */,
				61537C851C78E418005208C3 /* Main.storyboard */,
				61537C881C78E418005208C3 /* Assets.xcassets */,
				61537C8A1C78E418005208C3 /* LaunchScreen.storyboard */,
				61537C8D1C78E418005208C3 /* Info.plist */,
			);
			path = TotoesGotes;
			sourceTree = "<group>";
		};
		61537C951C78E418005208C3 /* TotoesGotesTests */ = {
			isa = PBXGroup;
			children = (
				61537C961C78E418005208C3 /* TotoesGotesTests.swift */,
				61537C981C78E418005208C3 /* Info.plist */,
			);
			path = TotoesGotesTests;
			sourceTree = "<group>";
		};
		61537CA01C78E418005208C3 /* TotoesGotesUITests */ = {
			isa = PBXGroup;
			children = (
				61537CA11C78E418005208C3 /* TotoesGotesUITests.swift */,
				61537CA31C78E418005208C3 /* Info.plist */,
			);
			path = TotoesGotesUITests;
			sourceTree = "<group>";
		};
/* End PBXGroup section */

/* Begin PBXNativeTarget section */
		61537C7D1C78E418005208C3 /* TotoesGotes */ = {
			isa = PBXNativeTarget;
			buildConfigurationList = 61537CA61C78E418005208C3 /* Build configuration list for PBXNativeTarget "TotoesGotes" */;
			buildPhases = (
				61537C7A1C78E418005208C3 /* Sources */,
				61537C7B1C78E418005208C3 /* Frameworks */,
				61537C7C1C78E418005208C3 /* Resources */,
			);
			buildRules = (
			);
			dependencies = (
			);
			name = TotoesGotes;
			productName = TotoesGotes;
			productReference = 61537C7E1C78E418005208C3 /* TotoesGotes.app */;
			productType = "com.apple.product-type.application";
		};
		61537C911C78E418005208C3 /* TotoesGotesTests */ = {
			isa = PBXNativeTarget;
			buildConfigurationList = 61537CA91C78E418005208C3 /* Build configuration list for PBXNativeTarget "TotoesGotesTests" */;
			buildPhases = (
				61537C8E1C78E418005208C3 /* Sources */,
				61537C8F1C78E418005208C3 /* Frameworks */,
				61537C901C78E418005208C3 /* Resources */,
			);
			buildRules = (
			);
			dependencies = (
				61537C941C78E418005208C3 /* PBXTargetDependency */,
			);
			name = TotoesGotesTests;
			productName = TotoesGotesTests;
			productReference = 61537C921C78E418005208C3 /* TotoesGotesTests.xctest */;
			productType = "com.apple.product-type.bundle.unit-test";
		};
		61537C9C1C78E418005208C3 /* TotoesGotesUITests */ = {
			isa = PBXNativeTarget;
			buildConfigurationList = 61537CAC1C78E418005208C3 /* Build configuration list for PBXNativeTarget "TotoesGotesUITests" */;
			buildPhases = (
				61537C991C78E418005208C3 /* Sources */,
				61537C9A1C78E418005208C3 /* Frameworks */,
				61537C9B1C78E418005208C3 /* Resources */,
			);
			buildRules = (
			);
			dependencies = (
				61537C9F1C78E418005208C3 /* PBXTargetDependency */,
			);
			name = TotoesGotesUITests;
			productName = TotoesGotesUITests;
			productReference = 61537C9D1C78E418005208C3 /* TotoesGotesUITests.xctest */;
			productType = "com.apple.product-type.bundle.ui-testing";
		};
/* End PBXNativeTarget section */

/* Begin PBXProject section */
		61537C761C78E418005208C3 /* Project object */ = {
			isa = PBXProject;
			attributes = {
				LastSwiftUpdateCheck = 0720;
				LastUpgradeCheck = 0720;
				ORGANIZATIONNAME = "Lillyan Pan";
				TargetAttributes = {
					61537C7D1C78E418005208C3 = {
						CreatedOnToolsVersion = 7.2;
						DevelopmentTeam = 9XMHTQAZQ5;
					};
					61537C911C78E418005208C3 = {
						CreatedOnToolsVersion = 7.2;
						DevelopmentTeam = 9XMHTQAZQ5;
						TestTargetID = 61537C7D1C78E418005208C3;
					};
					61537C9C1C78E418005208C3 = {
						CreatedOnToolsVersion = 7.2;
						DevelopmentTeam = 9XMHTQAZQ5;
						TestTargetID = 61537C7D1C78E418005208C3;
					};
				};
			};
			buildConfigurationList = 61537C791C78E418005208C3 /* Build configuration list for PBXProject "TotoesGotes" */;
			compatibilityVersion = "Xcode 3.2";
			developmentRegion = English;
			hasScannedForEncodings = 0;
			knownRegions = (
				en,
				Base,
			);
			mainGroup = 61537C751C78E418005208C3;
			productRefGroup = 61537C7F1C78E418005208C3 /* Products */;
			projectDirPath = "";
			projectRoot = "";
			targets = (
				61537C7D1C78E418005208C3 /* TotoesGotes */,
				61537C911C78E418005208C3 /* TotoesGotesTests */,
				61537C9C1C78E418005208C3 /* TotoesGotesUITests */,
			);
		};
/* End PBXProject section */

/* Begin PBXResourcesBuildPhase section */
		61537C7C1C78E418005208C3 /* Resources */ = {
			isa = PBXResourcesBuildPhase;
			buildActionMask = 2147483647;
			files = (
				61537C8C1C78E418005208C3 /* LaunchScreen.storyboard in Resources */,
				61537C891C78E418005208C3 /* Assets.xcassets in Resources */,
				61537C871C78E418005208C3 /* Main.storyboard in Resources */,
			);
			runOnlyForDeploymentPostprocessing = 0;
		};
		61537C901C78E418005208C3 /* Resources */ = {
			isa = PBXResourcesBuildPhase;
			buildActionMask = 2147483647;
			files = (
			);
			runOnlyForDeploymentPostprocessing = 0;
		};
		61537C9B1C78E418005208C3 /* Resources */ = {
			isa = PBXResourcesBuildPhase;
			buildActionMask = 2147483647;
			files = (
			);
			runOnlyForDeploymentPostprocessing = 0;
		};
/* End PBXResourcesBuildPhase section */

/* Begin PBXSourcesBuildPhase section */
		61537C7A1C78E418005208C3 /* Sources */ = {
			isa = PBXSourcesBuildPhase;
			buildActionMask = 2147483647;
			files = (
				61537C841C78E418005208C3 /* ViewController.swift in Sources */,
				61537C821C78E418005208C3 /* AppDelegate.swift in Sources */,
			);
			runOnlyForDeploymentPostprocessing = 0;
		};
		61537C8E1C78E418005208C3 /* Sources */ = {
			isa = PBXSourcesBuildPhase;
			buildActionMask = 2147483647;
			files = (
				61537C971C78E418005208C3 /* TotoesGotesTests.swift in Sources */,
			);
			runOnlyForDeploymentPostprocessing = 0;
		};
		61537C991C78E418005208C3 /* Sources */ = {
			isa = PBXSourcesBuildPhase;
			buildActionMask = 2147483647;
			files = (
				61537CA21C78E418005208C3 /* TotoesGotesUITests.swift in Sources */,
			);
			runOnlyForDeploymentPostprocessing = 0;
		};
/* End PBXSourcesBuildPhase section */

/* Begin PBXTargetDependency section */
		61537C941C78E418005208C3 /* PBXTargetDependency */ = {
			isa = PBXTargetDependency;
			target = 61537C7D1C78E418005208C3 /* TotoesGotes */;
			targetProxy = 61537C931C78E418005208C3 /* PBXContainerItemProxy */;
		};
		61537C9F1C78E418005208C3 /* PBXTargetDependency */ = {
			isa = PBXTargetDependency;
			target = 61537C7D1C78E418005208C3 /* TotoesGotes */;
			targetProxy = 61537C9E1C78E418005208C3 /* PBXContainerItemProxy */;
		};
/* End PBXTargetDependency section */

/* Begin PBXVariantGroup section */
		61537C851C78E418005208C3 /* Main.storyboard */ = {
			isa = PBXVariantGroup;
			children = (
				61537C861C78E418005208C3 /* Base */,
			);
			name = Main.storyboard;
			sourceTree = "<group>";
		};
		61537C8A1C78E418005208C3 /* LaunchScreen.storyboard */ = {
			isa = PBXVariantGroup;
			children = (
				61537C8B1C78E418005208C3 /* Base */,
			);
			name = LaunchScreen.storyboard;
			sourceTree = "<group>";
		};
/* End PBXVariantGroup section */

/* Begin XCBuildConfiguration section */
		61537CA41C78E418005208C3 /* Debug */ = {
			isa = XCBuildConfiguration;
			buildSettings = {
				ALWAYS_SEARCH_USER_PATHS = NO;
				CLANG_CXX_LANGUAGE_STANDARD = "gnu++0x";
				CLANG_CXX_LIBRARY = "libc++";
				CLANG_ENABLE_MODULES = YES;
				CLANG_ENABLE_OBJC_ARC = YES;
				CLANG_WARN_BOOL_CONVERSION = YES;
				CLANG_WARN_CONSTANT_CONVERSION = YES;
				CLANG_WARN_DIRECT_OBJC_ISA_USAGE = YES_ERROR;
				CLANG_WARN_EMPTY_BODY = YES;
				CLANG_WARN_ENUM_CONVERSION = YES;
				CLANG_WARN_INT_CONVERSION = YES;
				CLANG_WARN_OBJC_ROOT_CLASS = YES_ERROR;
				CLANG_WARN_UNREACHABLE_CODE = YES;
				CLANG_WARN__DUPLICATE_METHOD_MATCH = YES;
				"CODE_SIGN_IDENTITY[sdk=iphoneos*]" = "iPhone Developer";
				COPY_PHASE_STRIP = NO;
				DEBUG_INFORMATION_FORMAT = dwarf;
				ENABLE_STRICT_OBJC_MSGSEND = YES;
				ENABLE_TESTABILITY = YES;
				GCC_C_LANGUAGE_STANDARD = gnu99;
				GCC_DYNAMIC_NO_PIC = NO;
				GCC_NO_COMMON_BLOCKS = YES;
				GCC_OPTIMIZATION_LEVEL = 0;
				GCC_PREPROCESSOR_DEFINITIONS = (
					"DEBUG=1",
					"$(inherited)",
				);
				GCC_WARN_64_TO_32_BIT_CONVERSION = YES;
				GCC_WARN_ABOUT_RETURN_TYPE = YES_ERROR;
				GCC_WARN_UNDECLARED_SELECTOR = YES;
				GCC_WARN_UNINITIALIZED_AUTOS = YES_AGGRESSIVE;
				GCC_WARN_UNUSED_FUNCTION = YES;
				GCC_WARN_UNUSED_VARIABLE = YES;
				IPHONEOS_DEPLOYMENT_TARGET = 9.2;
				MTL_ENABLE_DEBUG_INFO = YES;
				ONLY_ACTIVE_ARCH = YES;
				SDKROOT = iphoneos;
				SWIFT_OPTIMIZATION_LEVEL = "-Onone";
			};
			name = Debug;
		};
		61537CA51C78E418005208C3 /* Release */ = {
			isa = XCBuildConfiguration;
			buildSettings = {
				ALWAYS_SEARCH_USER_PATHS = NO;
				CLANG_CXX_LANGUAGE_STANDARD = "gnu++0x";
				CLANG_CXX_LIBRARY = "libc++";
				CLANG_ENABLE_MODULES = YES;
				CLANG_ENABLE_OBJC_ARC = YES;
				CLANG_WARN_BOOL_CONVERSION = YES;
				CLANG_WARN_CONSTANT_CONVERSION = YES;
				CLANG_WARN_DIRECT_OBJC_ISA_USAGE = YES_ERROR;
				CLANG_WARN_EMPTY_BODY = YES;
				CLANG_WARN_ENUM_CONVERSION = YES;
				CLANG_WARN_INT_CONVERSION = YES;
				CLANG_WARN_OBJC_ROOT_CLASS = YES_ERROR;
				CLANG_WARN_UNREACHABLE_CODE = YES;
				CLANG_WARN__DUPLICATE_METHOD_MATCH = YES;
				"CODE_SIGN_IDENTITY[sdk=iphoneos*]" = "iPhone Developer";
				COPY_PHASE_STRIP = NO;
				DEBUG_INFORMATION_FORMAT = "dwarf-with-dsym";
				ENABLE_NS_ASSERTIONS = NO;
				ENABLE_STRICT_OBJC_MSGSEND = YES;
				GCC_C_LANGUAGE_STANDARD = gnu99;
				GCC_NO_COMMON_BLOCKS = YES;
				GCC_WARN_64_TO_32_BIT_CONVERSION = YES;
				GCC_WARN_ABOUT_RETURN_TYPE = YES_ERROR;
				GCC_WARN_UNDECLARED_SELECTOR = YES;
				GCC_WARN_UNINITIALIZED_AUTOS = YES_AGGRESSIVE;
				GCC_WARN_UNUSED_FUNCTION = YES;
				GCC_WARN_UNUSED_VARIABLE = YES;
				IPHONEOS_DEPLOYMENT_TARGET = 9.2;
				MTL_ENABLE_DEBUG_INFO = NO;
				SDKROOT = iphoneos;
				VALIDATE_PRODUCT = YES;
			};
			name = Release;
		};
		61537CA71C78E418005208C3 /* Debug */ = {
			isa = XCBuildConfiguration;
			buildSettings = {
				ASSETCATALOG_COMPILER_APPICON_NAME = AppIcon;
				INFOPLIST_FILE = TotoesGotes/Info.plist;
				LD_RUNPATH_SEARCH_PATHS = "$(inherited) @executable_path/Frameworks";
				PRODUCT_BUNDLE_IDENTIFIER = com.LillyanPan.TotoesGotes;
				PRODUCT_NAME = "$(TARGET_NAME)";
			};
			name = Debug;
		};
		61537CA81C78E418005208C3 /* Release */ = {
			isa = XCBuildConfiguration;
			buildSettings = {
				ASSETCATALOG_COMPILER_APPICON_NAME = AppIcon;
				INFOPLIST_FILE = TotoesGotes/Info.plist;
				LD_RUNPATH_SEARCH_PATHS = "$(inherited) @executable_path/Frameworks";
				PRODUCT_BUNDLE_IDENTIFIER = com.LillyanPan.TotoesGotes;
				PRODUCT_NAME = "$(TARGET_NAME)";
			};
			name = Release;
		};
		61537CAA1C78E418005208C3 /* Debug */ = {
			isa = XCBuildConfiguration;
			buildSettings = {
				BUNDLE_LOADER = "$(TEST_HOST)";
				INFOPLIST_FILE = TotoesGotesTests/Info.plist;
				LD_RUNPATH_SEARCH_PATHS = "$(inherited) @executable_path/Frameworks @loader_path/Frameworks";
				PRODUCT_BUNDLE_IDENTIFIER = com.LillyanPan.TotoesGotesTests;
				PRODUCT_NAME = "$(TARGET_NAME)";
				TEST_HOST = "$(BUILT_PRODUCTS_DIR)/TotoesGotes.app/TotoesGotes";
			};
			name = Debug;
		};
		61537CAB1C78E418005208C3 /* Release */ = {
			isa = XCBuildConfiguration;
			buildSettings = {
				BUNDLE_LOADER = "$(TEST_HOST)";
				INFOPLIST_FILE = TotoesGotesTests/Info.plist;
				LD_RUNPATH_SEARCH_PATHS = "$(inherited) @executable_path/Frameworks @loader_path/Frameworks";
				PRODUCT_BUNDLE_IDENTIFIER = com.LillyanPan.TotoesGotesTests;
				PRODUCT_NAME = "$(TARGET_NAME)";
				TEST_HOST = "$(BUILT_PRODUCTS_DIR)/TotoesGotes.app/TotoesGotes";
			};
			name = Release;
		};
		61537CAD1C78E418005208C3 /* Debug */ = {
			isa = XCBuildConfiguration;
			buildSettings = {
				INFOPLIST_FILE = TotoesGotesUITests/Info.plist;
				LD_RUNPATH_SEARCH_PATHS = "$(inherited) @executable_path/Frameworks @loader_path/Frameworks";
				PRODUCT_BUNDLE_IDENTIFIER = com.LillyanPan.TotoesGotesUITests;
				PRODUCT_NAME = "$(TARGET_NAME)";
				TEST_TARGET_NAME = TotoesGotes;
				USES_XCTRUNNER = YES;
			};
			name = Debug;
		};
		61537CAE1C78E418005208C3 /* Release */ = {
			isa = XCBuildConfiguration;
			buildSettings = {
				INFOPLIST_FILE = TotoesGotesUITests/Info.plist;
				LD_RUNPATH_SEARCH_PATHS = "$(inherited) @executable_path/Frameworks @loader_path/Frameworks";
				PRODUCT_BUNDLE_IDENTIFIER = com.LillyanPan.TotoesGotesUITests;
				PRODUCT_NAME = "$(TARGET_NAME)";
				TEST_TARGET_NAME = TotoesGotes;
				USES_XCTRUNNER = YES;
			};
			name = Release;
		};
/* End XCBuildConfiguration section */

/* Begin XCConfigurationList section */
		61537C791C78E418005208C3 /* Build configuration list for PBXProject "TotoesGotes" */ = {
			isa = XCConfigurationList;
			buildConfigurations = (
				61537CA41C78E418005208C3 /* Debug */,
				61537CA51C78E418005208C3 /* Release */,
			);
			defaultConfigurationIsVisible = 0;
			defaultConfigurationName = Release;
		};
		61537CA61C78E418005208C3 /* Build configuration list for PBXNativeTarget "TotoesGotes" */ = {
			isa = XCConfigurationList;
			buildConfigurations = (
				61537CA71C78E418005208C3 /* Debug */,
				61537CA81C78E418005208C3 /* Release */,
			);
			defaultConfigurationIsVisible = 0;
		};
		61537CA91C78E418005208C3 /* Build configuration list for PBXNativeTarget "TotoesGotesTests" */ = {
			isa = XCConfigurationList;
			buildConfigurations = (
				61537CAA1C78E418005208C3 /* Debug */,
				61537CAB1C78E418005208C3 /* Release */,
			);
			defaultConfigurationIsVisible = 0;
		};
		61537CAC1C78E418005208C3 /* Build configuration list for PBXNativeTarget "TotoesGotesUITests" */ = {
			isa = XCConfigurationList;
			buildConfigurations = (
				61537CAD1C78E418005208C3 /* Debug */,
				61537CAE1C78E418005208C3 /* Release */,
			);
			defaultConfigurationIsVisible = 0;
		};
/* End XCConfigurationList section */
	};
	rootObject = 61537C761C78E418005208C3 /* Project object */;
}
