// !$*UTF8*$!
{
	archiveVersion = 1;
	classes = {
	};
	objectVersion = 46;
	objects = {

/* Begin PBXBuildFile section */
		65E1D9411C66702700791715 /* AppDelegate.swift in Sources */ = {isa = PBXBuildFile; fileRef = 65E1D9401C66702700791715 /* AppDelegate.swift */; };
		65E1D9431C66702700791715 /* ViewController.swift in Sources */ = {isa = PBXBuildFile; fileRef = 65E1D9421C66702700791715 /* ViewController.swift */; };
		65E1D9461C66702700791715 /* Main.storyboard in Resources */ = {isa = PBXBuildFile; fileRef = 65E1D9441C66702700791715 /* Main.storyboard */; };
		65E1D9481C66702700791715 /* Assets.xcassets in Resources */ = {isa = PBXBuildFile; fileRef = 65E1D9471C66702700791715 /* Assets.xcassets */; };
		65E1D94B1C66702700791715 /* LaunchScreen.storyboard in Resources */ = {isa = PBXBuildFile; fileRef = 65E1D9491C66702700791715 /* LaunchScreen.storyboard */; };
		65E1D9531C668AA600791715 /* SettingsViewController.swift in Sources */ = {isa = PBXBuildFile; fileRef = 65E1D9521C668AA600791715 /* SettingsViewController.swift */; };
/* End PBXBuildFile section */

/* Begin PBXFileReference section */
		65E1D93D1C66702700791715 /* AccelDraw2.app */ = {isa = PBXFileReference; explicitFileType = wrapper.application; includeInIndex = 0; path = AccelDraw2.app; sourceTree = BUILT_PRODUCTS_DIR; };
		65E1D9401C66702700791715 /* AppDelegate.swift */ = {isa = PBXFileReference; lastKnownFileType = sourcecode.swift; path = AppDelegate.swift; sourceTree = "<group>"; };
		65E1D9421C66702700791715 /* ViewController.swift */ = {isa = PBXFileReference; lastKnownFileType = sourcecode.swift; path = ViewController.swift; sourceTree = "<group>"; };
		65E1D9451C66702700791715 /* Base */ = {isa = PBXFileReference; lastKnownFileType = file.storyboard; name = Base; path = Base.lproj/Main.storyboard; sourceTree = "<group>"; };
		65E1D9471C66702700791715 /* Assets.xcassets */ = {isa = PBXFileReference; lastKnownFileType = folder.assetcatalog; path = Assets.xcassets; sourceTree = "<group>"; };
		65E1D94A1C66702700791715 /* Base */ = {isa = PBXFileReference; lastKnownFileType = file.storyboard; name = Base; path = Base.lproj/LaunchScreen.storyboard; sourceTree = "<group>"; };
		65E1D94C1C66702700791715 /* Info.plist */ = {isa = PBXFileReference; lastKnownFileType = text.plist.xml; path = Info.plist; sourceTree = "<group>"; };
		65E1D9521C668AA600791715 /* SettingsViewController.swift */ = {isa = PBXFileReference; fileEncoding = 4; lastKnownFileType = sourcecode.swift; path = SettingsViewController.swift; sourceTree = "<group>"; };
/* End PBXFileReference section */

/* Begin PBXFrameworksBuildPhase section */
		65E1D93A1C66702700791715 /* Frameworks */ = {
			isa = PBXFrameworksBuildPhase;
			buildActionMask = 2147483647;
			files = (
			);
			runOnlyForDeploymentPostprocessing = 0;
		};
/* End PBXFrameworksBuildPhase section */

/* Begin PBXGroup section */
		65E1D9341C66702700791715 = {
			isa = PBXGroup;
			children = (
				65E1D93F1C66702700791715 /* AccelDraw2 */,
				65E1D93E1C66702700791715 /* Products */,
			);
			sourceTree = "<group>";
		};
		65E1D93E1C66702700791715 /* Products */ = {
			isa = PBXGroup;
			children = (
				65E1D93D1C66702700791715 /* AccelDraw2.app */,
			);
			name = Products;
			sourceTree = "<group>";
		};
		65E1D93F1C66702700791715 /* AccelDraw2 */ = {
			isa = PBXGroup;
			children = (
				65E1D9401C66702700791715 /* AppDelegate.swift */,
				65E1D9521C668AA600791715 /* SettingsViewController.swift */,
				65E1D9421C66702700791715 /* ViewController.swift */,
				65E1D9441C66702700791715 /* Main.storyboard */,
				65E1D9471C66702700791715 /* Assets.xcassets */,
				65E1D9491C66702700791715 /* LaunchScreen.storyboard */,
				65E1D94C1C66702700791715 /* Info.plist */,
			);
			path = AccelDraw2;
			sourceTree = "<group>";
		};
/* End PBXGroup section */

/* Begin PBXNativeTarget section */
		65E1D93C1C66702700791715 /* AccelDraw2 */ = {
			isa = PBXNativeTarget;
			buildConfigurationList = 65E1D94F1C66702700791715 /* Build configuration list for PBXNativeTarget "AccelDraw2" */;
			buildPhases = (
				65E1D9391C66702700791715 /* Sources */,
				65E1D93A1C66702700791715 /* Frameworks */,
				65E1D93B1C66702700791715 /* Resources */,
			);
			buildRules = (
			);
			dependencies = (
			);
			name = AccelDraw2;
			productName = AccelDraw2;
			productReference = 65E1D93D1C66702700791715 /* AccelDraw2.app */;
			productType = "com.apple.product-type.application";
		};
/* End PBXNativeTarget section */

/* Begin PBXProject section */
		65E1D9351C66702700791715 /* Project object */ = {
			isa = PBXProject;
			attributes = {
				LastSwiftUpdateCheck = 0720;
				LastUpgradeCheck = 0720;
				ORGANIZATIONNAME = "Daniel Hauagge";
				TargetAttributes = {
					65E1D93C1C66702700791715 = {
						CreatedOnToolsVersion = 7.2.1;
						DevelopmentTeam = 9XMHTQAZQ5;
					};
				};
			};
			buildConfigurationList = 65E1D9381C66702700791715 /* Build configuration list for PBXProject "AccelDraw2" */;
			compatibilityVersion = "Xcode 3.2";
			developmentRegion = English;
			hasScannedForEncodings = 0;
			knownRegions = (
				en,
				Base,
			);
			mainGroup = 65E1D9341C66702700791715;
			productRefGroup = 65E1D93E1C66702700791715 /* Products */;
			projectDirPath = "";
			projectRoot = "";
			targets = (
				65E1D93C1C66702700791715 /* AccelDraw2 */,
			);
		};
/* End PBXProject section */

/* Begin PBXResourcesBuildPhase section */
		65E1D93B1C66702700791715 /* Resources */ = {
			isa = PBXResourcesBuildPhase;
			buildActionMask = 2147483647;
			files = (
				65E1D94B1C66702700791715 /* LaunchScreen.storyboard in Resources */,
				65E1D9481C66702700791715 /* Assets.xcassets in Resources */,
				65E1D9461C66702700791715 /* Main.storyboard in Resources */,
			);
			runOnlyForDeploymentPostprocessing = 0;
		};
/* End PBXResourcesBuildPhase section */

/* Begin PBXSourcesBuildPhase section */
		65E1D9391C66702700791715 /* Sources */ = {
			isa = PBXSourcesBuildPhase;
			buildActionMask = 2147483647;
			files = (
				65E1D9431C66702700791715 /* ViewController.swift in Sources */,
				65E1D9411C66702700791715 /* AppDelegate.swift in Sources */,
				65E1D9531C668AA600791715 /* SettingsViewController.swift in Sources */,
			);
			runOnlyForDeploymentPostprocessing = 0;
		};
/* End PBXSourcesBuildPhase section */

/* Begin PBXVariantGroup section */
		65E1D9441C66702700791715 /* Main.storyboard */ = {
			isa = PBXVariantGroup;
			children = (
				65E1D9451C66702700791715 /* Base */,
			);
			name = Main.storyboard;
			sourceTree = "<group>";
		};
		65E1D9491C66702700791715 /* LaunchScreen.storyboard */ = {
			isa = PBXVariantGroup;
			children = (
				65E1D94A1C66702700791715 /* Base */,
			);
			name = LaunchScreen.storyboard;
			sourceTree = "<group>";
		};
/* End PBXVariantGroup section */

/* Begin XCBuildConfiguration section */
		65E1D94D1C66702700791715 /* Debug */ = {
			isa = XCBuildConfiguration;
			buildSettings = {
				ALWAYS_SEARCH_USER_PATHS = NO;
				CLANG_CXX_LANGUAGE_STANDARD = "gnu++0x";
				CLANG_CXX_LIBRARY = "libc++";
				CLANG_ENABLE_MODULES = YES;
				CLANG_ENABLE_OBJC_ARC = YES;
				CLANG_WARN_BOOL_CONVERSION = YES;
				CLANG_WARN_CONSTANT_CONVERSION = YES;
				CLANG_WARN_DIRECT_OBJC_ISA_USAGE = YES_ERROR;
				CLANG_WARN_EMPTY_BODY = YES;
				CLANG_WARN_ENUM_CONVERSION = YES;
				CLANG_WARN_INT_CONVERSION = YES;
				CLANG_WARN_OBJC_ROOT_CLASS = YES_ERROR;
				CLANG_WARN_UNREACHABLE_CODE = YES;
				CLANG_WARN__DUPLICATE_METHOD_MATCH = YES;
				"CODE_SIGN_IDENTITY[sdk=iphoneos*]" = "iPhone Developer";
				COPY_PHASE_STRIP = NO;
				DEBUG_INFORMATION_FORMAT = dwarf;
				ENABLE_STRICT_OBJC_MSGSEND = YES;
				ENABLE_TESTABILITY = YES;
				GCC_C_LANGUAGE_STANDARD = gnu99;
				GCC_DYNAMIC_NO_PIC = NO;
				GCC_NO_COMMON_BLOCKS = YES;
				GCC_OPTIMIZATION_LEVEL = 0;
				GCC_PREPROCESSOR_DEFINITIONS = (
					"DEBUG=1",
					"$(inherited)",
				);
				GCC_WARN_64_TO_32_BIT_CONVERSION = YES;
				GCC_WARN_ABOUT_RETURN_TYPE = YES_ERROR;
				GCC_WARN_UNDECLARED_SELECTOR = YES;
				GCC_WARN_UNINITIALIZED_AUTOS = YES_AGGRESSIVE;
				GCC_WARN_UNUSED_FUNCTION = YES;
				GCC_WARN_UNUSED_VARIABLE = YES;
				IPHONEOS_DEPLOYMENT_TARGET = 9.2;
				MTL_ENABLE_DEBUG_INFO = YES;
				ONLY_ACTIVE_ARCH = YES;
				SDKROOT = iphoneos;
				SWIFT_OPTIMIZATION_LEVEL = "-Onone";
				TARGETED_DEVICE_FAMILY = "1,2";
			};
			name = Debug;
		};
		65E1D94E1C66702700791715 /* Release */ = {
			isa = XCBuildConfiguration;
			buildSettings = {
				ALWAYS_SEARCH_USER_PATHS = NO;
				CLANG_CXX_LANGUAGE_STANDARD = "gnu++0x";
				CLANG_CXX_LIBRARY = "libc++";
				CLANG_ENABLE_MODULES = YES;
				CLANG_ENABLE_OBJC_ARC = YES;
				CLANG_WARN_BOOL_CONVERSION = YES;
				CLANG_WARN_CONSTANT_CONVERSION = YES;
				CLANG_WARN_DIRECT_OBJC_ISA_USAGE = YES_ERROR;
				CLANG_WARN_EMPTY_BODY = YES;
				CLANG_WARN_ENUM_CONVERSION = YES;
				CLANG_WARN_INT_CONVERSION = YES;
				CLANG_WARN_OBJC_ROOT_CLASS = YES_ERROR;
				CLANG_WARN_UNREACHABLE_CODE = YES;
				CLANG_WARN__DUPLICATE_METHOD_MATCH = YES;
				"CODE_SIGN_IDENTITY[sdk=iphoneos*]" = "iPhone Developer";
				COPY_PHASE_STRIP = NO;
				DEBUG_INFORMATION_FORMAT = "dwarf-with-dsym";
				ENABLE_NS_ASSERTIONS = NO;
				ENABLE_STRICT_OBJC_MSGSEND = YES;
				GCC_C_LANGUAGE_STANDARD = gnu99;
				GCC_NO_COMMON_BLOCKS = YES;
				GCC_WARN_64_TO_32_BIT_CONVERSION = YES;
				GCC_WARN_ABOUT_RETURN_TYPE = YES_ERROR;
				GCC_WARN_UNDECLARED_SELECTOR = YES;
				GCC_WARN_UNINITIALIZED_AUTOS = YES_AGGRESSIVE;
				GCC_WARN_UNUSED_FUNCTION = YES;
				GCC_WARN_UNUSED_VARIABLE = YES;
				IPHONEOS_DEPLOYMENT_TARGET = 9.2;
				MTL_ENABLE_DEBUG_INFO = NO;
				SDKROOT = iphoneos;
				TARGETED_DEVICE_FAMILY = "1,2";
				VALIDATE_PRODUCT = YES;
			};
			name = Release;
		};
		65E1D9501C66702700791715 /* Debug */ = {
			isa = XCBuildConfiguration;
			buildSettings = {
				ASSETCATALOG_COMPILER_APPICON_NAME = AppIcon;
				CODE_SIGN_IDENTITY = "iPhone Developer";
				"CODE_SIGN_IDENTITY[sdk=iphoneos*]" = "iPhone Developer";
				INFOPLIST_FILE = AccelDraw2/Info.plist;
				LD_RUNPATH_SEARCH_PATHS = "$(inherited) @executable_path/Frameworks";
				PRODUCT_BUNDLE_IDENTIFIER = com.danielhauagge.AccelDraw2;
				PRODUCT_NAME = "$(TARGET_NAME)";
				PROVISIONING_PROFILE = "";
			};
			name = Debug;
		};
		65E1D9511C66702700791715 /* Release */ = {
			isa = XCBuildConfiguration;
			buildSettings = {
				ASSETCATALOG_COMPILER_APPICON_NAME = AppIcon;
				CODE_SIGN_IDENTITY = "iPhone Developer";
				"CODE_SIGN_IDENTITY[sdk=iphoneos*]" = "iPhone Developer";
				INFOPLIST_FILE = AccelDraw2/Info.plist;
				LD_RUNPATH_SEARCH_PATHS = "$(inherited) @executable_path/Frameworks";
				PRODUCT_BUNDLE_IDENTIFIER = com.danielhauagge.AccelDraw2;
				PRODUCT_NAME = "$(TARGET_NAME)";
				PROVISIONING_PROFILE = "";
			};
			name = Release;
		};
/* End XCBuildConfiguration section */

/* Begin XCConfigurationList section */
		65E1D9381C66702700791715 /* Build configuration list for PBXProject "AccelDraw2" */ = {
			isa = XCConfigurationList;
			buildConfigurations = (
				65E1D94D1C66702700791715 /* Debug */,
				65E1D94E1C66702700791715 /* Release */,
			);
			defaultConfigurationIsVisible = 0;
			defaultConfigurationName = Release;
		};
		65E1D94F1C66702700791715 /* Build configuration list for PBXNativeTarget "AccelDraw2" */ = {
			isa = XCConfigurationList;
			buildConfigurations = (
				65E1D9501C66702700791715 /* Debug */,
				65E1D9511C66702700791715 /* Release */,
			);
			defaultConfigurationIsVisible = 0;
			defaultConfigurationName = Release;
		};
/* End XCConfigurationList section */
	};
	rootObject = 65E1D9351C66702700791715 /* Project object */;
}
