// !$*UTF8*$!
{
	archiveVersion = 1;
	classes = {
	};
	objectVersion = 46;
	objects = {

/* Begin PBXBuildFile section */
		610FA3CA1C8B644C00952BB3 /* Models.swift in Sources */ = {isa = PBXBuildFile; fileRef = 610FA3C91C8B644C00952BB3 /* Models.swift */; };
		6143DB2B1C9498F300334CB5 /* MinHeap.swift in Sources */ = {isa = PBXBuildFile; fileRef = 6143DB2A1C9498F300334CB5 /* MinHeap.swift */; };
		61DC5BDF1C8B6D1D00B0FCE2 /* ResultsTableViewController.swift in Sources */ = {isa = PBXBuildFile; fileRef = 61DC5BDE1C8B6D1D00B0FCE2 /* ResultsTableViewController.swift */; };
		61DC5BE11C8B6F0D00B0FCE2 /* GoatTableViewCell.swift in Sources */ = {isa = PBXBuildFile; fileRef = 61DC5BE01C8B6F0D00B0FCE2 /* GoatTableViewCell.swift */; };
		61DD2F161C8B57D10074F26C /* AppDelegate.swift in Sources */ = {isa = PBXBuildFile; fileRef = 61DD2F151C8B57D10074F26C /* AppDelegate.swift */; };
		61DD2F181C8B57D10074F26C /* ViewController.swift in Sources */ = {isa = PBXBuildFile; fileRef = 61DD2F171C8B57D10074F26C /* ViewController.swift */; };
		61DD2F1B1C8B57D10074F26C /* Main.storyboard in Resources */ = {isa = PBXBuildFile; fileRef = 61DD2F191C8B57D10074F26C /* Main.storyboard */; };
		61DD2F1D1C8B57D10074F26C /* Assets.xcassets in Resources */ = {isa = PBXBuildFile; fileRef = 61DD2F1C1C8B57D10074F26C /* Assets.xcassets */; };
		61DD2F201C8B57D10074F26C /* LaunchScreen.storyboard in Resources */ = {isa = PBXBuildFile; fileRef = 61DD2F1E1C8B57D10074F26C /* LaunchScreen.storyboard */; };
		61DD2F2B1C8B57D10074F26C /* MapsTests.swift in Sources */ = {isa = PBXBuildFile; fileRef = 61DD2F2A1C8B57D10074F26C /* MapsTests.swift */; };
		61DD2F361C8B57D10074F26C /* MapsUITests.swift in Sources */ = {isa = PBXBuildFile; fileRef = 61DD2F351C8B57D10074F26C /* MapsUITests.swift */; };
		61DD2F441C8B5A950074F26C /* DetailsViewController.swift in Sources */ = {isa = PBXBuildFile; fileRef = 61DD2F431C8B5A950074F26C /* DetailsViewController.swift */; };
		B1069EDC82C530ECC698D7D3 /* Pods.framework in Frameworks */ = {isa = PBXBuildFile; fileRef = 3FAA892AE6BAC0E3D13DDF18 /* Pods.framework */; };
/* End PBXBuildFile section */

/* Begin PBXContainerItemProxy section */
		61DD2F271C8B57D10074F26C /* PBXContainerItemProxy */ = {
			isa = PBXContainerItemProxy;
			containerPortal = 61DD2F0A1C8B57D10074F26C /* Project object */;
			proxyType = 1;
			remoteGlobalIDString = 61DD2F111C8B57D10074F26C;
			remoteInfo = Maps;
		};
		61DD2F321C8B57D10074F26C /* PBXContainerItemProxy */ = {
			isa = PBXContainerItemProxy;
			containerPortal = 61DD2F0A1C8B57D10074F26C /* Project object */;
			proxyType = 1;
			remoteGlobalIDString = 61DD2F111C8B57D10074F26C;
			remoteInfo = Maps;
		};
/* End PBXContainerItemProxy section */

/* Begin PBXFileReference section */
		13B9EE92DA3C7A188F87A532 /* Pods.debug.xcconfig */ = {isa = PBXFileReference; includeInIndex = 1; lastKnownFileType = text.xcconfig; name = Pods.debug.xcconfig; path = "Pods/Target Support Files/Pods/Pods.debug.xcconfig"; sourceTree = "<group>"; };
		3FAA892AE6BAC0E3D13DDF18 /* Pods.framework */ = {isa = PBXFileReference; explicitFileType = wrapper.framework; includeInIndex = 0; path = Pods.framework; sourceTree = BUILT_PRODUCTS_DIR; };
		610FA3C91C8B644C00952BB3 /* Models.swift */ = {isa = PBXFileReference; fileEncoding = 4; lastKnownFileType = sourcecode.swift; path = Models.swift; sourceTree = "<group>"; };
		6143DB2A1C9498F300334CB5 /* MinHeap.swift */ = {isa = PBXFileReference; fileEncoding = 4; lastKnownFileType = sourcecode.swift; path = MinHeap.swift; sourceTree = "<group>"; };
		61DC5BDE1C8B6D1D00B0FCE2 /* ResultsTableViewController.swift */ = {isa = PBXFileReference; fileEncoding = 4; lastKnownFileType = sourcecode.swift; path = ResultsTableViewController.swift; sourceTree = "<group>"; };
		61DC5BE01C8B6F0D00B0FCE2 /* GoatTableViewCell.swift */ = {isa = PBXFileReference; fileEncoding = 4; lastKnownFileType = sourcecode.swift; path = GoatTableViewCell.swift; sourceTree = "<group>"; };
		61DD2F121C8B57D10074F26C /* Maps.app */ = {isa = PBXFileReference; explicitFileType = wrapper.application; includeInIndex = 0; path = Maps.app; sourceTree = BUILT_PRODUCTS_DIR; };
		61DD2F151C8B57D10074F26C /* AppDelegate.swift */ = {isa = PBXFileReference; lastKnownFileType = sourcecode.swift; path = AppDelegate.swift; sourceTree = "<group>"; };
		61DD2F171C8B57D10074F26C /* ViewController.swift */ = {isa = PBXFileReference; lastKnownFileType = sourcecode.swift; path = ViewController.swift; sourceTree = "<group>"; };
		61DD2F1A1C8B57D10074F26C /* Base */ = {isa = PBXFileReference; lastKnownFileType = file.storyboard; name = Base; path = Base.lproj/Main.storyboard; sourceTree = "<group>"; };
		61DD2F1C1C8B57D10074F26C /* Assets.xcassets */ = {isa = PBXFileReference; lastKnownFileType = folder.assetcatalog; path = Assets.xcassets; sourceTree = "<group>"; };
		61DD2F1F1C8B57D10074F26C /* Base */ = {isa = PBXFileReference; lastKnownFileType = file.storyboard; name = Base; path = Base.lproj/LaunchScreen.storyboard; sourceTree = "<group>"; };
		61DD2F211C8B57D10074F26C /* Info.plist */ = {isa = PBXFileReference; lastKnownFileType = text.plist.xml; path = Info.plist; sourceTree = "<group>"; };
		61DD2F261C8B57D10074F26C /* MapsTests.xctest */ = {isa = PBXFileReference; explicitFileType = wrapper.cfbundle; includeInIndex = 0; path = MapsTests.xctest; sourceTree = BUILT_PRODUCTS_DIR; };
		61DD2F2A1C8B57D10074F26C /* MapsTests.swift */ = {isa = PBXFileReference; lastKnownFileType = sourcecode.swift; path = MapsTests.swift; sourceTree = "<group>"; };
		61DD2F2C1C8B57D10074F26C /* Info.plist */ = {isa = PBXFileReference; lastKnownFileType = text.plist.xml; path = Info.plist; sourceTree = "<group>"; };
		61DD2F311C8B57D10074F26C /* MapsUITests.xctest */ = {isa = PBXFileReference; explicitFileType = wrapper.cfbundle; includeInIndex = 0; path = MapsUITests.xctest; sourceTree = BUILT_PRODUCTS_DIR; };
		61DD2F351C8B57D10074F26C /* MapsUITests.swift */ = {isa = PBXFileReference; lastKnownFileType = sourcecode.swift; path = MapsUITests.swift; sourceTree = "<group>"; };
		61DD2F371C8B57D10074F26C /* Info.plist */ = {isa = PBXFileReference; lastKnownFileType = text.plist.xml; path = Info.plist; sourceTree = "<group>"; };
		61DD2F431C8B5A950074F26C /* DetailsViewController.swift */ = {isa = PBXFileReference; fileEncoding = 4; lastKnownFileType = sourcecode.swift; path = DetailsViewController.swift; sourceTree = "<group>"; };
		FBCBD01B4B3F0B420F31A891 /* Pods.release.xcconfig */ = {isa = PBXFileReference; includeInIndex = 1; lastKnownFileType = text.xcconfig; name = Pods.release.xcconfig; path = "Pods/Target Support Files/Pods/Pods.release.xcconfig"; sourceTree = "<group>"; };
/* End PBXFileReference section */

/* Begin PBXFrameworksBuildPhase section */
		61DD2F0F1C8B57D10074F26C /* Frameworks */ = {
			isa = PBXFrameworksBuildPhase;
			buildActionMask = 2147483647;
			files = (
				B1069EDC82C530ECC698D7D3 /* Pods.framework in Frameworks */,
			);
			runOnlyForDeploymentPostprocessing = 0;
		};
		61DD2F231C8B57D10074F26C /* Frameworks */ = {
			isa = PBXFrameworksBuildPhase;
			buildActionMask = 2147483647;
			files = (
			);
			runOnlyForDeploymentPostprocessing = 0;
		};
		61DD2F2E1C8B57D10074F26C /* Frameworks */ = {
			isa = PBXFrameworksBuildPhase;
			buildActionMask = 2147483647;
			files = (
			);
			runOnlyForDeploymentPostprocessing = 0;
		};
/* End PBXFrameworksBuildPhase section */

/* Begin PBXGroup section */
		61DD2F091C8B57D10074F26C = {
			isa = PBXGroup;
			children = (
				61DD2F141C8B57D10074F26C /* Maps */,
				61DD2F291C8B57D10074F26C /* MapsTests */,
				61DD2F341C8B57D10074F26C /* MapsUITests */,
				61DD2F131C8B57D10074F26C /* Products */,
				B2F7353D00C1B76C0824CCD2 /* Pods */,
				B04AD18716BB3AF08D186CFC /* Frameworks */,
			);
			sourceTree = "<group>";
		};
		61DD2F131C8B57D10074F26C /* Products */ = {
			isa = PBXGroup;
			children = (
				61DD2F121C8B57D10074F26C /* Maps.app */,
				61DD2F261C8B57D10074F26C /* MapsTests.xctest */,
				61DD2F311C8B57D10074F26C /* MapsUITests.xctest */,
			);
			name = Products;
			sourceTree = "<group>";
		};
		61DD2F141C8B57D10074F26C /* Maps */ = {
			isa = PBXGroup;
			children = (
				6143DB2A1C9498F300334CB5 /* MinHeap.swift */,
				61DD2F151C8B57D10074F26C /* AppDelegate.swift */,
				610FA3C91C8B644C00952BB3 /* Models.swift */,
				61DD2F171C8B57D10074F26C /* ViewController.swift */,
				61DD2F191C8B57D10074F26C /* Main.storyboard */,
				61DC5BDE1C8B6D1D00B0FCE2 /* ResultsTableViewController.swift */,
				61DC5BE01C8B6F0D00B0FCE2 /* GoatTableViewCell.swift */,
				61DD2F431C8B5A950074F26C /* DetailsViewController.swift */,
				61DD2F1C1C8B57D10074F26C /* Assets.xcassets */,
				61DD2F1E1C8B57D10074F26C /* LaunchScreen.storyboard */,
				61DD2F211C8B57D10074F26C /* Info.plist */,
			);
			path = Maps;
			sourceTree = "<group>";
		};
		61DD2F291C8B57D10074F26C /* MapsTests */ = {
			isa = PBXGroup;
			children = (
				61DD2F2A1C8B57D10074F26C /* MapsTests.swift */,
				61DD2F2C1C8B57D10074F26C /* Info.plist */,
			);
			path = MapsTests;
			sourceTree = "<group>";
		};
		61DD2F341C8B57D10074F26C /* MapsUITests */ = {
			isa = PBXGroup;
			children = (
				61DD2F351C8B57D10074F26C /* MapsUITests.swift */,
				61DD2F371C8B57D10074F26C /* Info.plist */,
			);
			path = MapsUITests;
			sourceTree = "<group>";
		};
		B04AD18716BB3AF08D186CFC /* Frameworks */ = {
			isa = PBXGroup;
			children = (
				3FAA892AE6BAC0E3D13DDF18 /* Pods.framework */,
			);
			name = Frameworks;
			sourceTree = "<group>";
		};
		B2F7353D00C1B76C0824CCD2 /* Pods */ = {
			isa = PBXGroup;
			children = (
				13B9EE92DA3C7A188F87A532 /* Pods.debug.xcconfig */,
				FBCBD01B4B3F0B420F31A891 /* Pods.release.xcconfig */,
			);
			name = Pods;
			sourceTree = "<group>";
		};
/* End PBXGroup section */

/* Begin PBXNativeTarget section */
		61DD2F111C8B57D10074F26C /* Maps */ = {
			isa = PBXNativeTarget;
			buildConfigurationList = 61DD2F3A1C8B57D10074F26C /* Build configuration list for PBXNativeTarget "Maps" */;
			buildPhases = (
				90600A578C6B400263152B72 /* Check Pods Manifest.lock */,
				61DD2F0E1C8B57D10074F26C /* Sources */,
				61DD2F0F1C8B57D10074F26C /* Frameworks */,
				61DD2F101C8B57D10074F26C /* Resources */,
				46E5E6107E26C4EF47CD2600 /* Embed Pods Frameworks */,
				695B4469BE16C44E2FC0FB05 /* Copy Pods Resources */,
			);
			buildRules = (
			);
			dependencies = (
			);
			name = Maps;
			productName = Maps;
			productReference = 61DD2F121C8B57D10074F26C /* Maps.app */;
			productType = "com.apple.product-type.application";
		};
		61DD2F251C8B57D10074F26C /* MapsTests */ = {
			isa = PBXNativeTarget;
			buildConfigurationList = 61DD2F3D1C8B57D10074F26C /* Build configuration list for PBXNativeTarget "MapsTests" */;
			buildPhases = (
				61DD2F221C8B57D10074F26C /* Sources */,
				61DD2F231C8B57D10074F26C /* Frameworks */,
				61DD2F241C8B57D10074F26C /* Resources */,
			);
			buildRules = (
			);
			dependencies = (
				61DD2F281C8B57D10074F26C /* PBXTargetDependency */,
			);
			name = MapsTests;
			productName = MapsTests;
			productReference = 61DD2F261C8B57D10074F26C /* MapsTests.xctest */;
			productType = "com.apple.product-type.bundle.unit-test";
		};
		61DD2F301C8B57D10074F26C /* MapsUITests */ = {
			isa = PBXNativeTarget;
			buildConfigurationList = 61DD2F401C8B57D10074F26C /* Build configuration list for PBXNativeTarget "MapsUITests" */;
			buildPhases = (
				61DD2F2D1C8B57D10074F26C /* Sources */,
				61DD2F2E1C8B57D10074F26C /* Frameworks */,
				61DD2F2F1C8B57D10074F26C /* Resources */,
			);
			buildRules = (
			);
			dependencies = (
				61DD2F331C8B57D10074F26C /* PBXTargetDependency */,
			);
			name = MapsUITests;
			productName = MapsUITests;
			productReference = 61DD2F311C8B57D10074F26C /* MapsUITests.xctest */;
			productType = "com.apple.product-type.bundle.ui-testing";
		};
/* End PBXNativeTarget section */

/* Begin PBXProject section */
		61DD2F0A1C8B57D10074F26C /* Project object */ = {
			isa = PBXProject;
			attributes = {
				LastSwiftUpdateCheck = 0720;
				LastUpgradeCheck = 0720;
				ORGANIZATIONNAME = "Lillyan Pan";
				TargetAttributes = {
					61DD2F111C8B57D10074F26C = {
						CreatedOnToolsVersion = 7.2;
						DevelopmentTeam = 9XMHTQAZQ5;
					};
					61DD2F251C8B57D10074F26C = {
						CreatedOnToolsVersion = 7.2;
						DevelopmentTeam = 9XMHTQAZQ5;
						TestTargetID = 61DD2F111C8B57D10074F26C;
					};
					61DD2F301C8B57D10074F26C = {
						CreatedOnToolsVersion = 7.2;
						DevelopmentTeam = 9XMHTQAZQ5;
						TestTargetID = 61DD2F111C8B57D10074F26C;
					};
				};
			};
			buildConfigurationList = 61DD2F0D1C8B57D10074F26C /* Build configuration list for PBXProject "Maps" */;
			compatibilityVersion = "Xcode 3.2";
			developmentRegion = English;
			hasScannedForEncodings = 0;
			knownRegions = (
				en,
				Base,
			);
			mainGroup = 61DD2F091C8B57D10074F26C;
			productRefGroup = 61DD2F131C8B57D10074F26C /* Products */;
			projectDirPath = "";
			projectRoot = "";
			targets = (
				61DD2F111C8B57D10074F26C /* Maps */,
				61DD2F251C8B57D10074F26C /* MapsTests */,
				61DD2F301C8B57D10074F26C /* MapsUITests */,
			);
		};
/* End PBXProject section */

/* Begin PBXResourcesBuildPhase section */
		61DD2F101C8B57D10074F26C /* Resources */ = {
			isa = PBXResourcesBuildPhase;
			buildActionMask = 2147483647;
			files = (
				61DD2F201C8B57D10074F26C /* LaunchScreen.storyboard in Resources */,
				61DD2F1D1C8B57D10074F26C /* Assets.xcassets in Resources */,
				61DD2F1B1C8B57D10074F26C /* Main.storyboard in Resources */,
			);
			runOnlyForDeploymentPostprocessing = 0;
		};
		61DD2F241C8B57D10074F26C /* Resources */ = {
			isa = PBXResourcesBuildPhase;
			buildActionMask = 2147483647;
			files = (
			);
			runOnlyForDeploymentPostprocessing = 0;
		};
		61DD2F2F1C8B57D10074F26C /* Resources */ = {
			isa = PBXResourcesBuildPhase;
			buildActionMask = 2147483647;
			files = (
			);
			runOnlyForDeploymentPostprocessing = 0;
		};
/* End PBXResourcesBuildPhase section */

/* Begin PBXShellScriptBuildPhase section */
		46E5E6107E26C4EF47CD2600 /* Embed Pods Frameworks */ = {
			isa = PBXShellScriptBuildPhase;
			buildActionMask = 2147483647;
			files = (
			);
			inputPaths = (
			);
			name = "Embed Pods Frameworks";
			outputPaths = (
			);
			runOnlyForDeploymentPostprocessing = 0;
			shellPath = /bin/sh;
			shellScript = "\"${SRCROOT}/Pods/Target Support Files/Pods/Pods-frameworks.sh\"\n";
			showEnvVarsInLog = 0;
		};
		695B4469BE16C44E2FC0FB05 /* Copy Pods Resources */ = {
			isa = PBXShellScriptBuildPhase;
			buildActionMask = 2147483647;
			files = (
			);
			inputPaths = (
			);
			name = "Copy Pods Resources";
			outputPaths = (
			);
			runOnlyForDeploymentPostprocessing = 0;
			shellPath = /bin/sh;
			shellScript = "\"${SRCROOT}/Pods/Target Support Files/Pods/Pods-resources.sh\"\n";
			showEnvVarsInLog = 0;
		};
		90600A578C6B400263152B72 /* Check Pods Manifest.lock */ = {
			isa = PBXShellScriptBuildPhase;
			buildActionMask = 2147483647;
			files = (
			);
			inputPaths = (
			);
			name = "Check Pods Manifest.lock";
			outputPaths = (
			);
			runOnlyForDeploymentPostprocessing = 0;
			shellPath = /bin/sh;
			shellScript = "diff \"${PODS_ROOT}/../Podfile.lock\" \"${PODS_ROOT}/Manifest.lock\" > /dev/null\nif [[ $? != 0 ]] ; then\n    cat << EOM\nerror: The sandbox is not in sync with the Podfile.lock. Run 'pod install' or update your CocoaPods installation.\nEOM\n    exit 1\nfi\n";
			showEnvVarsInLog = 0;
		};
/* End PBXShellScriptBuildPhase section */

/* Begin PBXSourcesBuildPhase section */
		61DD2F0E1C8B57D10074F26C /* Sources */ = {
			isa = PBXSourcesBuildPhase;
			buildActionMask = 2147483647;
			files = (
				61DD2F181C8B57D10074F26C /* ViewController.swift in Sources */,
				61DD2F161C8B57D10074F26C /* AppDelegate.swift in Sources */,
				61DC5BE11C8B6F0D00B0FCE2 /* GoatTableViewCell.swift in Sources */,
				61DD2F441C8B5A950074F26C /* DetailsViewController.swift in Sources */,
				610FA3CA1C8B644C00952BB3 /* Models.swift in Sources */,
				61DC5BDF1C8B6D1D00B0FCE2 /* ResultsTableViewController.swift in Sources */,
				6143DB2B1C9498F300334CB5 /* MinHeap.swift in Sources */,
			);
			runOnlyForDeploymentPostprocessing = 0;
		};
		61DD2F221C8B57D10074F26C /* Sources */ = {
			isa = PBXSourcesBuildPhase;
			buildActionMask = 2147483647;
			files = (
				61DD2F2B1C8B57D10074F26C /* MapsTests.swift in Sources */,
			);
			runOnlyForDeploymentPostprocessing = 0;
		};
		61DD2F2D1C8B57D10074F26C /* Sources */ = {
			isa = PBXSourcesBuildPhase;
			buildActionMask = 2147483647;
			files = (
				61DD2F361C8B57D10074F26C /* MapsUITests.swift in Sources */,
			);
			runOnlyForDeploymentPostprocessing = 0;
		};
/* End PBXSourcesBuildPhase section */

/* Begin PBXTargetDependency section */
		61DD2F281C8B57D10074F26C /* PBXTargetDependency */ = {
			isa = PBXTargetDependency;
			target = 61DD2F111C8B57D10074F26C /* Maps */;
			targetProxy = 61DD2F271C8B57D10074F26C /* PBXContainerItemProxy */;
		};
		61DD2F331C8B57D10074F26C /* PBXTargetDependency */ = {
			isa = PBXTargetDependency;
			target = 61DD2F111C8B57D10074F26C /* Maps */;
			targetProxy = 61DD2F321C8B57D10074F26C /* PBXContainerItemProxy */;
		};
/* End PBXTargetDependency section */

/* Begin PBXVariantGroup section */
		61DD2F191C8B57D10074F26C /* Main.storyboard */ = {
			isa = PBXVariantGroup;
			children = (
				61DD2F1A1C8B57D10074F26C /* Base */,
			);
			name = Main.storyboard;
			sourceTree = "<group>";
		};
		61DD2F1E1C8B57D10074F26C /* LaunchScreen.storyboard */ = {
			isa = PBXVariantGroup;
			children = (
				61DD2F1F1C8B57D10074F26C /* Base */,
			);
			name = LaunchScreen.storyboard;
			sourceTree = "<group>";
		};
/* End PBXVariantGroup section */

/* Begin XCBuildConfiguration section */
		61DD2F381C8B57D10074F26C /* Debug */ = {
			isa = XCBuildConfiguration;
			buildSettings = {
				ALWAYS_SEARCH_USER_PATHS = NO;
				CLANG_CXX_LANGUAGE_STANDARD = "gnu++0x";
				CLANG_CXX_LIBRARY = "libc++";
				CLANG_ENABLE_MODULES = YES;
				CLANG_ENABLE_OBJC_ARC = YES;
				CLANG_WARN_BOOL_CONVERSION = YES;
				CLANG_WARN_CONSTANT_CONVERSION = YES;
				CLANG_WARN_DIRECT_OBJC_ISA_USAGE = YES_ERROR;
				CLANG_WARN_EMPTY_BODY = YES;
				CLANG_WARN_ENUM_CONVERSION = YES;
				CLANG_WARN_INT_CONVERSION = YES;
				CLANG_WARN_OBJC_ROOT_CLASS = YES_ERROR;
				CLANG_WARN_UNREACHABLE_CODE = YES;
				CLANG_WARN__DUPLICATE_METHOD_MATCH = YES;
				"CODE_SIGN_IDENTITY[sdk=iphoneos*]" = "iPhone Developer";
				COPY_PHASE_STRIP = NO;
				DEBUG_INFORMATION_FORMAT = dwarf;
				ENABLE_STRICT_OBJC_MSGSEND = YES;
				ENABLE_TESTABILITY = YES;
				GCC_C_LANGUAGE_STANDARD = gnu99;
				GCC_DYNAMIC_NO_PIC = NO;
				GCC_NO_COMMON_BLOCKS = YES;
				GCC_OPTIMIZATION_LEVEL = 0;
				GCC_PREPROCESSOR_DEFINITIONS = (
					"DEBUG=1",
					"$(inherited)",
				);
				GCC_WARN_64_TO_32_BIT_CONVERSION = YES;
				GCC_WARN_ABOUT_RETURN_TYPE = YES_ERROR;
				GCC_WARN_UNDECLARED_SELECTOR = YES;
				GCC_WARN_UNINITIALIZED_AUTOS = YES_AGGRESSIVE;
				GCC_WARN_UNUSED_FUNCTION = YES;
				GCC_WARN_UNUSED_VARIABLE = YES;
				IPHONEOS_DEPLOYMENT_TARGET = 9.2;
				MTL_ENABLE_DEBUG_INFO = YES;
				ONLY_ACTIVE_ARCH = YES;
				SDKROOT = iphoneos;
				SWIFT_OPTIMIZATION_LEVEL = "-Onone";
			};
			name = Debug;
		};
		61DD2F391C8B57D10074F26C /* Release */ = {
			isa = XCBuildConfiguration;
			buildSettings = {
				ALWAYS_SEARCH_USER_PATHS = NO;
				CLANG_CXX_LANGUAGE_STANDARD = "gnu++0x";
				CLANG_CXX_LIBRARY = "libc++";
				CLANG_ENABLE_MODULES = YES;
				CLANG_ENABLE_OBJC_ARC = YES;
				CLANG_WARN_BOOL_CONVERSION = YES;
				CLANG_WARN_CONSTANT_CONVERSION = YES;
				CLANG_WARN_DIRECT_OBJC_ISA_USAGE = YES_ERROR;
				CLANG_WARN_EMPTY_BODY = YES;
				CLANG_WARN_ENUM_CONVERSION = YES;
				CLANG_WARN_INT_CONVERSION = YES;
				CLANG_WARN_OBJC_ROOT_CLASS = YES_ERROR;
				CLANG_WARN_UNREACHABLE_CODE = YES;
				CLANG_WARN__DUPLICATE_METHOD_MATCH = YES;
				"CODE_SIGN_IDENTITY[sdk=iphoneos*]" = "iPhone Developer";
				COPY_PHASE_STRIP = NO;
				DEBUG_INFORMATION_FORMAT = "dwarf-with-dsym";
				ENABLE_NS_ASSERTIONS = NO;
				ENABLE_STRICT_OBJC_MSGSEND = YES;
				GCC_C_LANGUAGE_STANDARD = gnu99;
				GCC_NO_COMMON_BLOCKS = YES;
				GCC_WARN_64_TO_32_BIT_CONVERSION = YES;
				GCC_WARN_ABOUT_RETURN_TYPE = YES_ERROR;
				GCC_WARN_UNDECLARED_SELECTOR = YES;
				GCC_WARN_UNINITIALIZED_AUTOS = YES_AGGRESSIVE;
				GCC_WARN_UNUSED_FUNCTION = YES;
				GCC_WARN_UNUSED_VARIABLE = YES;
				IPHONEOS_DEPLOYMENT_TARGET = 9.2;
				MTL_ENABLE_DEBUG_INFO = NO;
				SDKROOT = iphoneos;
				VALIDATE_PRODUCT = YES;
			};
			name = Release;
		};
		61DD2F3B1C8B57D10074F26C /* Debug */ = {
			isa = XCBuildConfiguration;
			baseConfigurationReference = 13B9EE92DA3C7A188F87A532 /* Pods.debug.xcconfig */;
			buildSettings = {
				ASSETCATALOG_COMPILER_APPICON_NAME = AppIcon;
				INFOPLIST_FILE = Maps/Info.plist;
				LD_RUNPATH_SEARCH_PATHS = "$(inherited) @executable_path/Frameworks";
				PRODUCT_BUNDLE_IDENTIFIER = com.LillyanPan.Maps;
				PRODUCT_NAME = "$(TARGET_NAME)";
			};
			name = Debug;
		};
		61DD2F3C1C8B57D10074F26C /* Release */ = {
			isa = XCBuildConfiguration;
			baseConfigurationReference = FBCBD01B4B3F0B420F31A891 /* Pods.release.xcconfig */;
			buildSettings = {
				ASSETCATALOG_COMPILER_APPICON_NAME = AppIcon;
				INFOPLIST_FILE = Maps/Info.plist;
				LD_RUNPATH_SEARCH_PATHS = "$(inherited) @executable_path/Frameworks";
				PRODUCT_BUNDLE_IDENTIFIER = com.LillyanPan.Maps;
				PRODUCT_NAME = "$(TARGET_NAME)";
			};
			name = Release;
		};
		61DD2F3E1C8B57D10074F26C /* Debug */ = {
			isa = XCBuildConfiguration;
			buildSettings = {
				BUNDLE_LOADER = "$(TEST_HOST)";
				INFOPLIST_FILE = MapsTests/Info.plist;
				LD_RUNPATH_SEARCH_PATHS = "$(inherited) @executable_path/Frameworks @loader_path/Frameworks";
				PRODUCT_BUNDLE_IDENTIFIER = com.LillyanPan.MapsTests;
				PRODUCT_NAME = "$(TARGET_NAME)";
				TEST_HOST = "$(BUILT_PRODUCTS_DIR)/Maps.app/Maps";
			};
			name = Debug;
		};
		61DD2F3F1C8B57D10074F26C /* Release */ = {
			isa = XCBuildConfiguration;
			buildSettings = {
				BUNDLE_LOADER = "$(TEST_HOST)";
				INFOPLIST_FILE = MapsTests/Info.plist;
				LD_RUNPATH_SEARCH_PATHS = "$(inherited) @executable_path/Frameworks @loader_path/Frameworks";
				PRODUCT_BUNDLE_IDENTIFIER = com.LillyanPan.MapsTests;
				PRODUCT_NAME = "$(TARGET_NAME)";
				TEST_HOST = "$(BUILT_PRODUCTS_DIR)/Maps.app/Maps";
			};
			name = Release;
		};
		61DD2F411C8B57D10074F26C /* Debug */ = {
			isa = XCBuildConfiguration;
			buildSettings = {
				INFOPLIST_FILE = MapsUITests/Info.plist;
				LD_RUNPATH_SEARCH_PATHS = "$(inherited) @executable_path/Frameworks @loader_path/Frameworks";
				PRODUCT_BUNDLE_IDENTIFIER = com.LillyanPan.MapsUITests;
				PRODUCT_NAME = "$(TARGET_NAME)";
				TEST_TARGET_NAME = Maps;
				USES_XCTRUNNER = YES;
			};
			name = Debug;
		};
		61DD2F421C8B57D10074F26C /* Release */ = {
			isa = XCBuildConfiguration;
			buildSettings = {
				INFOPLIST_FILE = MapsUITests/Info.plist;
				LD_RUNPATH_SEARCH_PATHS = "$(inherited) @executable_path/Frameworks @loader_path/Frameworks";
				PRODUCT_BUNDLE_IDENTIFIER = com.LillyanPan.MapsUITests;
				PRODUCT_NAME = "$(TARGET_NAME)";
				TEST_TARGET_NAME = Maps;
				USES_XCTRUNNER = YES;
			};
			name = Release;
		};
/* End XCBuildConfiguration section */

/* Begin XCConfigurationList section */
		61DD2F0D1C8B57D10074F26C /* Build configuration list for PBXProject "Maps" */ = {
			isa = XCConfigurationList;
			buildConfigurations = (
				61DD2F381C8B57D10074F26C /* Debug */,
				61DD2F391C8B57D10074F26C /* Release */,
			);
			defaultConfigurationIsVisible = 0;
			defaultConfigurationName = Release;
		};
		61DD2F3A1C8B57D10074F26C /* Build configuration list for PBXNativeTarget "Maps" */ = {
			isa = XCConfigurationList;
			buildConfigurations = (
				61DD2F3B1C8B57D10074F26C /* Debug */,
				61DD2F3C1C8B57D10074F26C /* Release */,
			);
			defaultConfigurationIsVisible = 0;
			defaultConfigurationName = Release;
		};
		61DD2F3D1C8B57D10074F26C /* Build configuration list for PBXNativeTarget "MapsTests" */ = {
			isa = XCConfigurationList;
			buildConfigurations = (
				61DD2F3E1C8B57D10074F26C /* Debug */,
				61DD2F3F1C8B57D10074F26C /* Release */,
			);
			defaultConfigurationIsVisible = 0;
			defaultConfigurationName = Release;
		};
		61DD2F401C8B57D10074F26C /* Build configuration list for PBXNativeTarget "MapsUITests" */ = {
			isa = XCConfigurationList;
			buildConfigurations = (
				61DD2F411C8B57D10074F26C /* Debug */,
				61DD2F421C8B57D10074F26C /* Release */,
			);
			defaultConfigurationIsVisible = 0;
			defaultConfigurationName = Release;
		};
/* End XCConfigurationList section */
	};
	rootObject = 61DD2F0A1C8B57D10074F26C /* Project object */;
}
