// !$*UTF8*$!
{
	archiveVersion = 1;
	classes = {
	};
	objectVersion = 46;
	objects = {

/* Begin PBXBuildFile section */
		61941D641B7A65AA0085F814 /* AppDelegate.swift in Sources */ = {isa = PBXBuildFile; fileRef = 61941D631B7A65AA0085F814 /* AppDelegate.swift */; };
		61941D661B7A65AA0085F814 /* ViewController.swift in Sources */ = {isa = PBXBuildFile; fileRef = 61941D651B7A65AA0085F814 /* ViewController.swift */; };
		61941D691B7A65AB0085F814 /* Main.storyboard in Resources */ = {isa = PBXBuildFile; fileRef = 61941D671B7A65AB0085F814 /* Main.storyboard */; };
		61941D6B1B7A65AB0085F814 /* Images.xcassets in Resources */ = {isa = PBXBuildFile; fileRef = 61941D6A1B7A65AB0085F814 /* Images.xcassets */; };
		61941D6E1B7A65AB0085F814 /* LaunchScreen.xib in Resources */ = {isa = PBXBuildFile; fileRef = 61941D6C1B7A65AB0085F814 /* LaunchScreen.xib */; };
		61941D7A1B7A65AB0085F814 /* WarTests.swift in Sources */ = {isa = PBXBuildFile; fileRef = 61941D791B7A65AB0085F814 /* WarTests.swift */; };
/* End PBXBuildFile section */

/* Begin PBXContainerItemProxy section */
		61941D741B7A65AB0085F814 /* PBXContainerItemProxy */ = {
			isa = PBXContainerItemProxy;
			containerPortal = 61941D561B7A65AA0085F814 /* Project object */;
			proxyType = 1;
			remoteGlobalIDString = 61941D5D1B7A65AA0085F814;
			remoteInfo = War;
		};
/* End PBXContainerItemProxy section */

/* Begin PBXFileReference section */
		61941D5E1B7A65AA0085F814 /* War.app */ = {isa = PBXFileReference; explicitFileType = wrapper.application; includeInIndex = 0; path = War.app; sourceTree = BUILT_PRODUCTS_DIR; };
		61941D621B7A65AA0085F814 /* Info.plist */ = {isa = PBXFileReference; lastKnownFileType = text.plist.xml; path = Info.plist; sourceTree = "<group>"; };
		61941D631B7A65AA0085F814 /* AppDelegate.swift */ = {isa = PBXFileReference; lastKnownFileType = sourcecode.swift; path = AppDelegate.swift; sourceTree = "<group>"; };
		61941D651B7A65AA0085F814 /* ViewController.swift */ = {isa = PBXFileReference; lastKnownFileType = sourcecode.swift; path = ViewController.swift; sourceTree = "<group>"; };
		61941D681B7A65AB0085F814 /* Base */ = {isa = PBXFileReference; lastKnownFileType = file.storyboard; name = Base; path = Base.lproj/Main.storyboard; sourceTree = "<group>"; };
		61941D6A1B7A65AB0085F814 /* Images.xcassets */ = {isa = PBXFileReference; lastKnownFileType = folder.assetcatalog; path = Images.xcassets; sourceTree = "<group>"; };
		61941D6D1B7A65AB0085F814 /* Base */ = {isa = PBXFileReference; lastKnownFileType = file.xib; name = Base; path = Base.lproj/LaunchScreen.xib; sourceTree = "<group>"; };
		61941D731B7A65AB0085F814 /* WarTests.xctest */ = {isa = PBXFileReference; explicitFileType = wrapper.cfbundle; includeInIndex = 0; path = WarTests.xctest; sourceTree = BUILT_PRODUCTS_DIR; };
		61941D781B7A65AB0085F814 /* Info.plist */ = {isa = PBXFileReference; lastKnownFileType = text.plist.xml; path = Info.plist; sourceTree = "<group>"; };
		61941D791B7A65AB0085F814 /* WarTests.swift */ = {isa = PBXFileReference; lastKnownFileType = sourcecode.swift; path = WarTests.swift; sourceTree = "<group>"; };
/* End PBXFileReference section */

/* Begin PBXFrameworksBuildPhase section */
		61941D5B1B7A65AA0085F814 /* Frameworks */ = {
			isa = PBXFrameworksBuildPhase;
			buildActionMask = 2147483647;
			files = (
			);
			runOnlyForDeploymentPostprocessing = 0;
		};
		61941D701B7A65AB0085F814 /* Frameworks */ = {
			isa = PBXFrameworksBuildPhase;
			buildActionMask = 2147483647;
			files = (
			);
			runOnlyForDeploymentPostprocessing = 0;
		};
/* End PBXFrameworksBuildPhase section */

/* Begin PBXGroup section */
		61941D551B7A65AA0085F814 = {
			isa = PBXGroup;
			children = (
				61941D601B7A65AA0085F814 /* War */,
				61941D761B7A65AB0085F814 /* WarTests */,
				61941D5F1B7A65AA0085F814 /* Products */,
			);
			sourceTree = "<group>";
		};
		61941D5F1B7A65AA0085F814 /* Products */ = {
			isa = PBXGroup;
			children = (
				61941D5E1B7A65AA0085F814 /* War.app */,
				61941D731B7A65AB0085F814 /* WarTests.xctest */,
			);
			name = Products;
			sourceTree = "<group>";
		};
		61941D601B7A65AA0085F814 /* War */ = {
			isa = PBXGroup;
			children = (
				61941D631B7A65AA0085F814 /* AppDelegate.swift */,
				61941D651B7A65AA0085F814 /* ViewController.swift */,
				61941D671B7A65AB0085F814 /* Main.storyboard */,
				61941D6A1B7A65AB0085F814 /* Images.xcassets */,
				61941D6C1B7A65AB0085F814 /* LaunchScreen.xib */,
				61941D611B7A65AA0085F814 /* Supporting Files */,
			);
			path = War;
			sourceTree = "<group>";
		};
		61941D611B7A65AA0085F814 /* Supporting Files */ = {
			isa = PBXGroup;
			children = (
				61941D621B7A65AA0085F814 /* Info.plist */,
			);
			name = "Supporting Files";
			sourceTree = "<group>";
		};
		61941D761B7A65AB0085F814 /* WarTests */ = {
			isa = PBXGroup;
			children = (
				61941D791B7A65AB0085F814 /* WarTests.swift */,
				61941D771B7A65AB0085F814 /* Supporting Files */,
			);
			path = WarTests;
			sourceTree = "<group>";
		};
		61941D771B7A65AB0085F814 /* Supporting Files */ = {
			isa = PBXGroup;
			children = (
				61941D781B7A65AB0085F814 /* Info.plist */,
			);
			name = "Supporting Files";
			sourceTree = "<group>";
		};
/* End PBXGroup section */

/* Begin PBXNativeTarget section */
		61941D5D1B7A65AA0085F814 /* War */ = {
			isa = PBXNativeTarget;
			buildConfigurationList = 61941D7D1B7A65AB0085F814 /* Build configuration list for PBXNativeTarget "War" */;
			buildPhases = (
				61941D5A1B7A65AA0085F814 /* Sources */,
				61941D5B1B7A65AA0085F814 /* Frameworks */,
				61941D5C1B7A65AA0085F814 /* Resources */,
			);
			buildRules = (
			);
			dependencies = (
			);
			name = War;
			productName = War;
			productReference = 61941D5E1B7A65AA0085F814 /* War.app */;
			productType = "com.apple.product-type.application";
		};
		61941D721B7A65AB0085F814 /* WarTests */ = {
			isa = PBXNativeTarget;
			buildConfigurationList = 61941D801B7A65AB0085F814 /* Build configuration list for PBXNativeTarget "WarTests" */;
			buildPhases = (
				61941D6F1B7A65AB0085F814 /* Sources */,
				61941D701B7A65AB0085F814 /* Frameworks */,
				61941D711B7A65AB0085F814 /* Resources */,
			);
			buildRules = (
			);
			dependencies = (
				61941D751B7A65AB0085F814 /* PBXTargetDependency */,
			);
			name = WarTests;
			productName = WarTests;
			productReference = 61941D731B7A65AB0085F814 /* WarTests.xctest */;
			productType = "com.apple.product-type.bundle.unit-test";
		};
/* End PBXNativeTarget section */

/* Begin PBXProject section */
		61941D561B7A65AA0085F814 /* Project object */ = {
			isa = PBXProject;
			attributes = {
				LastUpgradeCheck = 0640;
				ORGANIZATIONNAME = "Lillyan Pan";
				TargetAttributes = {
					61941D5D1B7A65AA0085F814 = {
						CreatedOnToolsVersion = 6.4;
					};
					61941D721B7A65AB0085F814 = {
						CreatedOnToolsVersion = 6.4;
						TestTargetID = 61941D5D1B7A65AA0085F814;
					};
				};
			};
			buildConfigurationList = 61941D591B7A65AA0085F814 /* Build configuration list for PBXProject "War" */;
			compatibilityVersion = "Xcode 3.2";
			developmentRegion = English;
			hasScannedForEncodings = 0;
			knownRegions = (
				en,
				Base,
			);
			mainGroup = 61941D551B7A65AA0085F814;
			productRefGroup = 61941D5F1B7A65AA0085F814 /* Products */;
			projectDirPath = "";
			projectRoot = "";
			targets = (
				61941D5D1B7A65AA0085F814 /* War */,
				61941D721B7A65AB0085F814 /* WarTests */,
			);
		};
/* End PBXProject section */

/* Begin PBXResourcesBuildPhase section */
		61941D5C1B7A65AA0085F814 /* Resources */ = {
			isa = PBXResourcesBuildPhase;
			buildActionMask = 2147483647;
			files = (
				61941D691B7A65AB0085F814 /* Main.storyboard in Resources */,
				61941D6E1B7A65AB0085F814 /* LaunchScreen.xib in Resources */,
				61941D6B1B7A65AB0085F814 /* Images.xcassets in Resources */,
			);
			runOnlyForDeploymentPostprocessing = 0;
		};
		61941D711B7A65AB0085F814 /* Resources */ = {
			isa = PBXResourcesBuildPhase;
			buildActionMask = 2147483647;
			files = (
			);
			runOnlyForDeploymentPostprocessing = 0;
		};
/* End PBXResourcesBuildPhase section */

/* Begin PBXSourcesBuildPhase section */
		61941D5A1B7A65AA0085F814 /* Sources */ = {
			isa = PBXSourcesBuildPhase;
			buildActionMask = 2147483647;
			files = (
				61941D661B7A65AA0085F814 /* ViewController.swift in Sources */,
				61941D641B7A65AA0085F814 /* AppDelegate.swift in Sources */,
			);
			runOnlyForDeploymentPostprocessing = 0;
		};
		61941D6F1B7A65AB0085F814 /* Sources */ = {
			isa = PBXSourcesBuildPhase;
			buildActionMask = 2147483647;
			files = (
				61941D7A1B7A65AB0085F814 /* WarTests.swift in Sources */,
			);
			runOnlyForDeploymentPostprocessing = 0;
		};
/* End PBXSourcesBuildPhase section */

/* Begin PBXTargetDependency section */
		61941D751B7A65AB0085F814 /* PBXTargetDependency */ = {
			isa = PBXTargetDependency;
			target = 61941D5D1B7A65AA0085F814 /* War */;
			targetProxy = 61941D741B7A65AB0085F814 /* PBXContainerItemProxy */;
		};
/* End PBXTargetDependency section */

/* Begin PBXVariantGroup section */
		61941D671B7A65AB0085F814 /* Main.storyboard */ = {
			isa = PBXVariantGroup;
			children = (
				61941D681B7A65AB0085F814 /* Base */,
			);
			name = Main.storyboard;
			sourceTree = "<group>";
		};
		61941D6C1B7A65AB0085F814 /* LaunchScreen.xib */ = {
			isa = PBXVariantGroup;
			children = (
				61941D6D1B7A65AB0085F814 /* Base */,
			);
			name = LaunchScreen.xib;
			sourceTree = "<group>";
		};
/* End PBXVariantGroup section */

/* Begin XCBuildConfiguration section */
		61941D7B1B7A65AB0085F814 /* Debug */ = {
			isa = XCBuildConfiguration;
			buildSettings = {
				ALWAYS_SEARCH_USER_PATHS = NO;
				CLANG_CXX_LANGUAGE_STANDARD = "gnu++0x";
				CLANG_CXX_LIBRARY = "libc++";
				CLANG_ENABLE_MODULES = YES;
				CLANG_ENABLE_OBJC_ARC = YES;
				CLANG_WARN_BOOL_CONVERSION = YES;
				CLANG_WARN_CONSTANT_CONVERSION = YES;
				CLANG_WARN_DIRECT_OBJC_ISA_USAGE = YES_ERROR;
				CLANG_WARN_EMPTY_BODY = YES;
				CLANG_WARN_ENUM_CONVERSION = YES;
				CLANG_WARN_INT_CONVERSION = YES;
				CLANG_WARN_OBJC_ROOT_CLASS = YES_ERROR;
				CLANG_WARN_UNREACHABLE_CODE = YES;
				CLANG_WARN__DUPLICATE_METHOD_MATCH = YES;
				"CODE_SIGN_IDENTITY[sdk=iphoneos*]" = "iPhone Developer";
				COPY_PHASE_STRIP = NO;
				DEBUG_INFORMATION_FORMAT = "dwarf-with-dsym";
				ENABLE_STRICT_OBJC_MSGSEND = YES;
				GCC_C_LANGUAGE_STANDARD = gnu99;
				GCC_DYNAMIC_NO_PIC = NO;
				GCC_NO_COMMON_BLOCKS = YES;
				GCC_OPTIMIZATION_LEVEL = 0;
				GCC_PREPROCESSOR_DEFINITIONS = (
					"DEBUG=1",
					"$(inherited)",
				);
				GCC_SYMBOLS_PRIVATE_EXTERN = NO;
				GCC_WARN_64_TO_32_BIT_CONVERSION = YES;
				GCC_WARN_ABOUT_RETURN_TYPE = YES_ERROR;
				GCC_WARN_UNDECLARED_SELECTOR = YES;
				GCC_WARN_UNINITIALIZED_AUTOS = YES_AGGRESSIVE;
				GCC_WARN_UNUSED_FUNCTION = YES;
				GCC_WARN_UNUSED_VARIABLE = YES;
				IPHONEOS_DEPLOYMENT_TARGET = 8.4;
				MTL_ENABLE_DEBUG_INFO = YES;
				ONLY_ACTIVE_ARCH = YES;
				SDKROOT = iphoneos;
				SWIFT_OPTIMIZATION_LEVEL = "-Onone";
			};
			name = Debug;
		};
		61941D7C1B7A65AB0085F814 /* Release */ = {
			isa = XCBuildConfiguration;
			buildSettings = {
				ALWAYS_SEARCH_USER_PATHS = NO;
				CLANG_CXX_LANGUAGE_STANDARD = "gnu++0x";
				CLANG_CXX_LIBRARY = "libc++";
				CLANG_ENABLE_MODULES = YES;
				CLANG_ENABLE_OBJC_ARC = YES;
				CLANG_WARN_BOOL_CONVERSION = YES;
				CLANG_WARN_CONSTANT_CONVERSION = YES;
				CLANG_WARN_DIRECT_OBJC_ISA_USAGE = YES_ERROR;
				CLANG_WARN_EMPTY_BODY = YES;
				CLANG_WARN_ENUM_CONVERSION = YES;
				CLANG_WARN_INT_CONVERSION = YES;
				CLANG_WARN_OBJC_ROOT_CLASS = YES_ERROR;
				CLANG_WARN_UNREACHABLE_CODE = YES;
				CLANG_WARN__DUPLICATE_METHOD_MATCH = YES;
				"CODE_SIGN_IDENTITY[sdk=iphoneos*]" = "iPhone Developer";
				COPY_PHASE_STRIP = NO;
				DEBUG_INFORMATION_FORMAT = "dwarf-with-dsym";
				ENABLE_NS_ASSERTIONS = NO;
				ENABLE_STRICT_OBJC_MSGSEND = YES;
				GCC_C_LANGUAGE_STANDARD = gnu99;
				GCC_NO_COMMON_BLOCKS = YES;
				GCC_WARN_64_TO_32_BIT_CONVERSION = YES;
				GCC_WARN_ABOUT_RETURN_TYPE = YES_ERROR;
				GCC_WARN_UNDECLARED_SELECTOR = YES;
				GCC_WARN_UNINITIALIZED_AUTOS = YES_AGGRESSIVE;
				GCC_WARN_UNUSED_FUNCTION = YES;
				GCC_WARN_UNUSED_VARIABLE = YES;
				IPHONEOS_DEPLOYMENT_TARGET = 8.4;
				MTL_ENABLE_DEBUG_INFO = NO;
				SDKROOT = iphoneos;
				VALIDATE_PRODUCT = YES;
			};
			name = Release;
		};
		61941D7E1B7A65AB0085F814 /* Debug */ = {
			isa = XCBuildConfiguration;
			buildSettings = {
				ASSETCATALOG_COMPILER_APPICON_NAME = AppIcon;
				INFOPLIST_FILE = War/Info.plist;
				LD_RUNPATH_SEARCH_PATHS = "$(inherited) @executable_path/Frameworks";
				PRODUCT_NAME = "$(TARGET_NAME)";
			};
			name = Debug;
		};
		61941D7F1B7A65AB0085F814 /* Release */ = {
			isa = XCBuildConfiguration;
			buildSettings = {
				ASSETCATALOG_COMPILER_APPICON_NAME = AppIcon;
				INFOPLIST_FILE = War/Info.plist;
				LD_RUNPATH_SEARCH_PATHS = "$(inherited) @executable_path/Frameworks";
				PRODUCT_NAME = "$(TARGET_NAME)";
			};
			name = Release;
		};
		61941D811B7A65AB0085F814 /* Debug */ = {
			isa = XCBuildConfiguration;
			buildSettings = {
				BUNDLE_LOADER = "$(TEST_HOST)";
				FRAMEWORK_SEARCH_PATHS = (
					"$(SDKROOT)/Developer/Library/Frameworks",
					"$(inherited)",
				);
				GCC_PREPROCESSOR_DEFINITIONS = (
					"DEBUG=1",
					"$(inherited)",
				);
				INFOPLIST_FILE = WarTests/Info.plist;
				LD_RUNPATH_SEARCH_PATHS = "$(inherited) @executable_path/Frameworks @loader_path/Frameworks";
				PRODUCT_NAME = "$(TARGET_NAME)";
				TEST_HOST = "$(BUILT_PRODUCTS_DIR)/War.app/War";
			};
			name = Debug;
		};
		61941D821B7A65AB0085F814 /* Release */ = {
			isa = XCBuildConfiguration;
			buildSettings = {
				BUNDLE_LOADER = "$(TEST_HOST)";
				FRAMEWORK_SEARCH_PATHS = (
					"$(SDKROOT)/Developer/Library/Frameworks",
					"$(inherited)",
				);
				INFOPLIST_FILE = WarTests/Info.plist;
				LD_RUNPATH_SEARCH_PATHS = "$(inherited) @executable_path/Frameworks @loader_path/Frameworks";
				PRODUCT_NAME = "$(TARGET_NAME)";
				TEST_HOST = "$(BUILT_PRODUCTS_DIR)/War.app/War";
			};
			name = Release;
		};
/* End XCBuildConfiguration section */

/* Begin XCConfigurationList section */
		61941D591B7A65AA0085F814 /* Build configuration list for PBXProject "War" */ = {
			isa = XCConfigurationList;
			buildConfigurations = (
				61941D7B1B7A65AB0085F814 /* Debug */,
				61941D7C1B7A65AB0085F814 /* Release */,
			);
			defaultConfigurationIsVisible = 0;
			defaultConfigurationName = Release;
		};
		61941D7D1B7A65AB0085F814 /* Build configuration list for PBXNativeTarget "War" */ = {
			isa = XCConfigurationList;
			buildConfigurations = (
				61941D7E1B7A65AB0085F814 /* Debug */,
				61941D7F1B7A65AB0085F814 /* Release */,
			);
			defaultConfigurationIsVisible = 0;
		};
		61941D801B7A65AB0085F814 /* Build configuration list for PBXNativeTarget "WarTests" */ = {
			isa = XCConfigurationList;
			buildConfigurations = (
				61941D811B7A65AB0085F814 /* Debug */,
				61941D821B7A65AB0085F814 /* Release */,
			);
			defaultConfigurationIsVisible = 0;
		};
/* End XCConfigurationList section */
	};
	rootObject = 61941D561B7A65AA0085F814 /* Project object */;
}
